
Microsoft Visual Studio Solution File, Format Version 12.00
# Visual Studio Version 16
VisualStudioVersion = 16.0.30907.101
MinimumVisualStudioVersion = 10.0.40219.1
Project("{FAE04EC0-301F-11D3-BF4B-00C04F79EFBC}") = "DB5", "DB5.csproj", "{3B053EC2-88FE-42D7-B99B-3CBF41017855}"
EndProject
Global
	GlobalSection(SolutionConfigurationPlatforms) = preSolution
		Debug|Any CPU = Debug|Any CPU
		Release|Any CPU = Release|Any CPU
	EndGlobalSection
	GlobalSection(ProjectConfigurationPlatforms) = postSolution
		{3B053EC2-88FE-42D7-B99B-3CBF41017855}.Debug|Any CPU.ActiveCfg = Debug|Any CPU
		{3B053EC2-88FE-42D7-B99B-3CBF41017855}.Debug|Any CPU.Build.0 = Debug|Any CPU
		{3B053EC2-88FE-42D7-B99B-3CBF41017855}.Release|Any CPU.ActiveCfg = Release|Any CPU
		{3B053EC2-88FE-42D7-B99B-3CBF41017855}.Release|Any CPU.Build.0 = Release|Any CPU
	EndGlobalSection
	GlobalSection(SolutionProperties) = preSolution
		HideSolutionNode = FALSE
	EndGlobalSection
	GlobalSection(ExtensibilityGlobals) = postSolution
		SolutionGuid = {C84041DE-9FCA-4F9F-91CC-5ED8A6DA83C5}
	EndGlobalSection
EndGlobal
